// !$*UTF8*$!
{
	archiveVersion = 1;
	classes = {
	};
	objectVersion = 48;
	objects = {

/* Begin PBXBuildFile section */
		5E5CD3581F52FBEF00495214 /* ObjectMapper.framework in Frameworks */ = {isa = PBXBuildFile; fileRef = 7577E25C1F47877900F8257B /* ObjectMapper.framework */; };
		5E5CD3591F52FBEF00495214 /* PromiseKit.framework in Frameworks */ = {isa = PBXBuildFile; fileRef = 7577E2601F478D9400F8257B /* PromiseKit.framework */; };
		5E5CD35A1F52FBEF00495214 /* Realm.framework in Frameworks */ = {isa = PBXBuildFile; fileRef = 7577E2641F478D9900F8257B /* Realm.framework */; };
		5E5CD35B1F52FBEF00495214 /* RealmSwift.framework in Frameworks */ = {isa = PBXBuildFile; fileRef = 7577E2621F478D9800F8257B /* RealmSwift.framework */; };
		5E5CD3711F52FC0A00495214 /* Realm.framework in Embed Frameworks */ = {isa = PBXBuildFile; fileRef = 7577E2641F478D9900F8257B /* Realm.framework */; settings = {ATTRIBUTES = (CodeSignOnCopy, RemoveHeadersOnCopy, ); }; };
		5E5CD3731F52FC0A00495214 /* RealmSwift.framework in Embed Frameworks */ = {isa = PBXBuildFile; fileRef = 7577E2621F478D9800F8257B /* RealmSwift.framework */; settings = {ATTRIBUTES = (CodeSignOnCopy, RemoveHeadersOnCopy, ); }; };
		5E5CD3751F52FC0A00495214 /* PromiseKit.framework in Embed Frameworks */ = {isa = PBXBuildFile; fileRef = 7577E2601F478D9400F8257B /* PromiseKit.framework */; settings = {ATTRIBUTES = (CodeSignOnCopy, RemoveHeadersOnCopy, ); }; };
		5E5CD3771F52FC0A00495214 /* ObjectMapper.framework in Embed Frameworks */ = {isa = PBXBuildFile; fileRef = 7577E25C1F47877900F8257B /* ObjectMapper.framework */; settings = {ATTRIBUTES = (CodeSignOnCopy, RemoveHeadersOnCopy, ); }; };
		5E5CD3781F52FC0A00495214 /* Alamofire.framework in Frameworks */ = {isa = PBXBuildFile; fileRef = 7577E2571F47780100F8257B /* Alamofire.framework */; };
		5E5CD3791F52FC0A00495214 /* Alamofire.framework in Embed Frameworks */ = {isa = PBXBuildFile; fileRef = 7577E2571F47780100F8257B /* Alamofire.framework */; settings = {ATTRIBUTES = (CodeSignOnCopy, RemoveHeadersOnCopy, ); }; };
		5E5CD37E1F5301C600495214 /* GoogleService-Info.plist in Resources */ = {isa = PBXBuildFile; fileRef = 5EC0CFE41F52BA8500E91F97 /* GoogleService-Info.plist */; };
		5E84CCB41F53090A004E0AE6 /* GoogleAppUtilities.framework in Frameworks */ = {isa = PBXBuildFile; fileRef = 5EC0CFF21F52C60300E91F97 /* GoogleAppUtilities.framework */; };
		5E84CCB51F53090A004E0AE6 /* GoogleSignIn.framework in Frameworks */ = {isa = PBXBuildFile; fileRef = 5EC0CFEA1F52BFB800E91F97 /* GoogleSignIn.framework */; };
		5E84CCB61F53090A004E0AE6 /* GoogleSignInDependencies.framework in Frameworks */ = {isa = PBXBuildFile; fileRef = 5EC0CFF31F52C60300E91F97 /* GoogleSignInDependencies.framework */; };
		5E84CCB71F53090A004E0AE6 /* GoogleSymbolUtilities.framework in Frameworks */ = {isa = PBXBuildFile; fileRef = 5EC0CFF41F52C60300E91F97 /* GoogleSymbolUtilities.framework */; };
		5E84CCB81F530912004E0AE6 /* SafariServices.framework in Frameworks */ = {isa = PBXBuildFile; fileRef = 5EC0D0011F52D3F500E91F97 /* SafariServices.framework */; };
		5E84CCB91F530931004E0AE6 /* SystemConfiguration.framework in Frameworks */ = {isa = PBXBuildFile; fileRef = 5EC0CFFB1F52C82D00E91F97 /* SystemConfiguration.framework */; };
		5E84CCBA1F5309AE004E0AE6 /* GoogleService-Info.plist in Resources */ = {isa = PBXBuildFile; fileRef = 5EC0CFE41F52BA8500E91F97 /* GoogleService-Info.plist */; };
		5E84CCBC1F5311BF004E0AE6 /* UIViewController+chekInternetConnection.swift in Sources */ = {isa = PBXBuildFile; fileRef = 5E84CCBB1F5311BF004E0AE6 /* UIViewController+chekInternetConnection.swift */; };
		5E84CCBE1F5312B7004E0AE6 /* Reachability.swift in Sources */ = {isa = PBXBuildFile; fileRef = 5E84CCBD1F5312B7004E0AE6 /* Reachability.swift */; };
		5E84CCC11F5313BA004E0AE6 /* RouteOperationAlert.swift in Sources */ = {isa = PBXBuildFile; fileRef = 5E84CCC01F5313BA004E0AE6 /* RouteOperationAlert.swift */; };
		5E84CCC31F531688004E0AE6 /* EventTypes.swift in Sources */ = {isa = PBXBuildFile; fileRef = 5E84CCC21F531688004E0AE6 /* EventTypes.swift */; };
		5E84CCC51F5316AF004E0AE6 /* EventPreview.swift in Sources */ = {isa = PBXBuildFile; fileRef = 5E84CCC41F5316AF004E0AE6 /* EventPreview.swift */; };
		5E84CCC81F53170B004E0AE6 /* DateTransformMSec.swift in Sources */ = {isa = PBXBuildFile; fileRef = 5E84CCC71F53170B004E0AE6 /* DateTransformMSec.swift */; };
		5E84CCCA1F531774004E0AE6 /* Date.swift in Sources */ = {isa = PBXBuildFile; fileRef = 5E84CCC91F531774004E0AE6 /* Date.swift */; };
		5E84CCCC1F531816004E0AE6 /* DateFormatter.swift in Sources */ = {isa = PBXBuildFile; fileRef = 5E84CCCB1F531816004E0AE6 /* DateFormatter.swift */; };
		5E8696141F52D975005CD648 /* ServiceAuth.swift in Sources */ = {isa = PBXBuildFile; fileRef = 5E8696131F52D975005CD648 /* ServiceAuth.swift */; };
		5E8696171F52DDA0005CD648 /* ApiLayer.swift in Sources */ = {isa = PBXBuildFile; fileRef = 5E8696161F52DDA0005CD648 /* ApiLayer.swift */; };
		5E8696191F52DDC6005CD648 /* ApiError.swift in Sources */ = {isa = PBXBuildFile; fileRef = 5E8696181F52DDC6005CD648 /* ApiError.swift */; };
		5E86961B1F52DE14005CD648 /* Constants.swift in Sources */ = {isa = PBXBuildFile; fileRef = 5E86961A1F52DE14005CD648 /* Constants.swift */; };
		5E86961D1F52DECA005CD648 /* ApiMethod.swift in Sources */ = {isa = PBXBuildFile; fileRef = 5E86961C1F52DECA005CD648 /* ApiMethod.swift */; };
		5E86961F1F52E0AA005CD648 /* ContextType.swift in Sources */ = {isa = PBXBuildFile; fileRef = 5E86961E1F52E0AA005CD648 /* ContextType.swift */; };
		5E8696211F52E300005CD648 /* Dictionary.swift in Sources */ = {isa = PBXBuildFile; fileRef = 5E8696201F52E300005CD648 /* Dictionary.swift */; };
		5E8696231F52E37E005CD648 /* Session.swift in Sources */ = {isa = PBXBuildFile; fileRef = 5E8696221F52E37E005CD648 /* Session.swift */; };
		5E8696251F52E3B9005CD648 /* File.swift in Sources */ = {isa = PBXBuildFile; fileRef = 5E8696241F52E3B9005CD648 /* File.swift */; };
		5E8696271F52E427005CD648 /* String.swift in Sources */ = {isa = PBXBuildFile; fileRef = 5E8696261F52E427005CD648 /* String.swift */; };
		5E8696291F52E4E2005CD648 /* ServiceForRequest.swift in Sources */ = {isa = PBXBuildFile; fileRef = 5E8696281F52E4E2005CD648 /* ServiceForRequest.swift */; };
		5E86962B1F52E524005CD648 /* ServiceForData.swift in Sources */ = {isa = PBXBuildFile; fileRef = 5E86962A1F52E524005CD648 /* ServiceForData.swift */; };
		5EC0D0001F52D3DC00E91F97 /* GoogleSignIn.bundle in Resources */ = {isa = PBXBuildFile; fileRef = 5EC0CFFF1F52D3DC00E91F97 /* GoogleSignIn.bundle */; };
		5EC4F4951F5320DD0085A608 /* BaseLoadViewProtocol.swift in Sources */ = {isa = PBXBuildFile; fileRef = 5EC4F4941F5320DD0085A608 /* BaseLoadViewProtocol.swift */; };
		5EC4F4971F5321200085A608 /* LoadingView.swift in Sources */ = {isa = PBXBuildFile; fileRef = 5EC4F4961F5321200085A608 /* LoadingView.swift */; };
		5EC4F4991F5321AF0085A608 /* BaseViewController.swift in Sources */ = {isa = PBXBuildFile; fileRef = 5EC4F4981F5321AF0085A608 /* BaseViewController.swift */; };
		5EC4F49B1F5321F30085A608 /* RouteOperations.swift in Sources */ = {isa = PBXBuildFile; fileRef = 5EC4F49A1F5321F30085A608 /* RouteOperations.swift */; };
		5EC4F49D1F53248B0085A608 /* Location.swift in Sources */ = {isa = PBXBuildFile; fileRef = 5EC4F49C1F53248B0085A608 /* Location.swift */; };
		5EC4F49F1F5324C80085A608 /* Department.swift in Sources */ = {isa = PBXBuildFile; fileRef = 5EC4F49E1F5324C80085A608 /* Department.swift */; };
		5EC4F4A11F5324F50085A608 /* GroupLevelPreview.swift in Sources */ = {isa = PBXBuildFile; fileRef = 5EC4F4A01F5324F50085A608 /* GroupLevelPreview.swift */; };
		5EC4F4A31F5326B30085A608 /* Router.swift in Sources */ = {isa = PBXBuildFile; fileRef = 5EC4F4A21F5326B30085A608 /* Router.swift */; };
		5EC4F4A51F532BC10085A608 /* RouteOperationBack.swift in Sources */ = {isa = PBXBuildFile; fileRef = 5EC4F4A41F532BC10085A608 /* RouteOperationBack.swift */; };
		75C438551F49E6D2003B0576 /* .tailor.yml in Resources */ = {isa = PBXBuildFile; fileRef = 75C438541F49E6D2003B0576 /* .tailor.yml */; };
		75C438581F49F67C003B0576 /* .swiftlint.yml in Resources */ = {isa = PBXBuildFile; fileRef = 75C438571F49F67C003B0576 /* .swiftlint.yml */; };
		75F35B5E1F4739580049C455 /* proveng2Tests.swift in Sources */ = {isa = PBXBuildFile; fileRef = 75F35B5D1F4739580049C455 /* proveng2Tests.swift */; };
		75FAF4C61F4C5EC700657CB4 /* User.swift in Sources */ = {isa = PBXBuildFile; fileRef = 75FAF4C51F4C5EC700657CB4 /* User.swift */; };
		75FAF4C81F4C721600657CB4 /* RealmMigration.swift in Sources */ = {isa = PBXBuildFile; fileRef = 75FAF4C71F4C721600657CB4 /* RealmMigration.swift */; };
		75FAF4CA1F4C8E5F00657CB4 /* ListTransform.swift in Sources */ = {isa = PBXBuildFile; fileRef = 75FAF4C91F4C8E5F00657CB4 /* ListTransform.swift */; };
		E90E47431F4CCB2B00DD5E15 /* Assets.xcassets in Resources */ = {isa = PBXBuildFile; fileRef = E9A532A21F4CA29100FC1746 /* Assets.xcassets */; };
		E99443701F4E1C3700383E11 /* LaunchScreen.storyboard in Resources */ = {isa = PBXBuildFile; fileRef = E994436A1F4E1C3600383E11 /* LaunchScreen.storyboard */; };
		E99443711F4E1C3700383E11 /* Main.storyboard in Resources */ = {isa = PBXBuildFile; fileRef = E994436C1F4E1C3600383E11 /* Main.storyboard */; };
		E99443721F4E1C3700383E11 /* ViewController.swift in Sources */ = {isa = PBXBuildFile; fileRef = E994436E1F4E1C3600383E11 /* ViewController.swift */; };
		E99443731F4E1C3700383E11 /* AppDelegate.swift in Sources */ = {isa = PBXBuildFile; fileRef = E994436F1F4E1C3600383E11 /* AppDelegate.swift */; };
		E9A532A11F4C95AA00FC1746 /* LoginViewController.swift in Sources */ = {isa = PBXBuildFile; fileRef = E9A532A01F4C95AA00FC1746 /* LoginViewController.swift */; };
		E9B4E6071F4CAC8700415314 /* BaseButton.swift in Sources */ = {isa = PBXBuildFile; fileRef = E9B4E6061F4CAC8700415314 /* BaseButton.swift */; };
		E9B4E60A1F4CAD1400415314 /* ColorsForElements.swift in Sources */ = {isa = PBXBuildFile; fileRef = E9B4E6091F4CAD1400415314 /* ColorsForElements.swift */; };
		E9B4E60C1F4CAD9E00415314 /* SessionData.swift in Sources */ = {isa = PBXBuildFile; fileRef = E9B4E60B1F4CAD9E00415314 /* SessionData.swift */; };
		E9B4E60F1F4CAE1800415314 /* UIColorExtensions.swift in Sources */ = {isa = PBXBuildFile; fileRef = E9B4E60E1F4CAE1800415314 /* UIColorExtensions.swift */; };
/* End PBXBuildFile section */

/* Begin PBXContainerItemProxy section */
		75F35B5A1F4739580049C455 /* PBXContainerItemProxy */ = {
			isa = PBXContainerItemProxy;
			containerPortal = 75F35B3D1F4739580049C455 /* Project object */;
			proxyType = 1;
			remoteGlobalIDString = 75F35B441F4739580049C455;
			remoteInfo = proveng2;
		};
/* End PBXContainerItemProxy section */

/* Begin PBXCopyFilesBuildPhase section */
		5E5CD37A1F52FC0B00495214 /* Embed Frameworks */ = {
			isa = PBXCopyFilesBuildPhase;
			buildActionMask = 2147483647;
			dstPath = "";
			dstSubfolderSpec = 10;
			files = (
				5E5CD3771F52FC0A00495214 /* ObjectMapper.framework in Embed Frameworks */,
				5E5CD3731F52FC0A00495214 /* RealmSwift.framework in Embed Frameworks */,
				5E5CD3711F52FC0A00495214 /* Realm.framework in Embed Frameworks */,
				5E5CD3791F52FC0A00495214 /* Alamofire.framework in Embed Frameworks */,
				5E5CD3751F52FC0A00495214 /* PromiseKit.framework in Embed Frameworks */,
			);
			name = "Embed Frameworks";
			runOnlyForDeploymentPostprocessing = 0;
		};
/* End PBXCopyFilesBuildPhase section */

/* Begin PBXFileReference section */
		5E5CD35C1F52FBF000495214 /* GoogleCarthageSignIn.framework */ = {isa = PBXFileReference; lastKnownFileType = wrapper.framework; name = GoogleCarthageSignIn.framework; path = Carthage/Build/iOS/GoogleCarthageSignIn.framework; sourceTree = "<group>"; };
		5E5CD37B1F52FE9800495214 /* proveng2.entitlements */ = {isa = PBXFileReference; lastKnownFileType = text.plist.entitlements; path = proveng2.entitlements; sourceTree = "<group>"; };
		5E5CD3811F5301F500495214 /* Info.plist */ = {isa = PBXFileReference; lastKnownFileType = text.plist.xml; path = Info.plist; sourceTree = "<group>"; };
		5E84CCBB1F5311BF004E0AE6 /* UIViewController+chekInternetConnection.swift */ = {isa = PBXFileReference; lastKnownFileType = sourcecode.swift; path = "UIViewController+chekInternetConnection.swift"; sourceTree = "<group>"; };
		5E84CCBD1F5312B7004E0AE6 /* Reachability.swift */ = {isa = PBXFileReference; lastKnownFileType = sourcecode.swift; path = Reachability.swift; sourceTree = "<group>"; };
		5E84CCC01F5313BA004E0AE6 /* RouteOperationAlert.swift */ = {isa = PBXFileReference; lastKnownFileType = sourcecode.swift; path = RouteOperationAlert.swift; sourceTree = "<group>"; };
		5E84CCC21F531688004E0AE6 /* EventTypes.swift */ = {isa = PBXFileReference; lastKnownFileType = sourcecode.swift; path = EventTypes.swift; sourceTree = "<group>"; };
		5E84CCC41F5316AF004E0AE6 /* EventPreview.swift */ = {isa = PBXFileReference; lastKnownFileType = sourcecode.swift; path = EventPreview.swift; sourceTree = "<group>"; };
		5E84CCC71F53170B004E0AE6 /* DateTransformMSec.swift */ = {isa = PBXFileReference; lastKnownFileType = sourcecode.swift; path = DateTransformMSec.swift; sourceTree = "<group>"; };
		5E84CCC91F531774004E0AE6 /* Date.swift */ = {isa = PBXFileReference; lastKnownFileType = sourcecode.swift; path = Date.swift; sourceTree = "<group>"; };
		5E84CCCB1F531816004E0AE6 /* DateFormatter.swift */ = {isa = PBXFileReference; lastKnownFileType = sourcecode.swift; path = DateFormatter.swift; sourceTree = "<group>"; };
		5E8696111F52D6E7005CD648 /* proveng2-Bridging-Header.h */ = {isa = PBXFileReference; lastKnownFileType = sourcecode.c.h; path = "proveng2-Bridging-Header.h"; sourceTree = "<group>"; };
		5E8696131F52D975005CD648 /* ServiceAuth.swift */ = {isa = PBXFileReference; lastKnownFileType = sourcecode.swift; path = ServiceAuth.swift; sourceTree = "<group>"; };
		5E8696161F52DDA0005CD648 /* ApiLayer.swift */ = {isa = PBXFileReference; lastKnownFileType = sourcecode.swift; path = ApiLayer.swift; sourceTree = "<group>"; };
		5E8696181F52DDC6005CD648 /* ApiError.swift */ = {isa = PBXFileReference; lastKnownFileType = sourcecode.swift; path = ApiError.swift; sourceTree = "<group>"; };
		5E86961A1F52DE14005CD648 /* Constants.swift */ = {isa = PBXFileReference; lastKnownFileType = sourcecode.swift; path = Constants.swift; sourceTree = "<group>"; };
		5E86961C1F52DECA005CD648 /* ApiMethod.swift */ = {isa = PBXFileReference; lastKnownFileType = sourcecode.swift; path = ApiMethod.swift; sourceTree = "<group>"; };
		5E86961E1F52E0AA005CD648 /* ContextType.swift */ = {isa = PBXFileReference; lastKnownFileType = sourcecode.swift; path = ContextType.swift; sourceTree = "<group>"; };
		5E8696201F52E300005CD648 /* Dictionary.swift */ = {isa = PBXFileReference; lastKnownFileType = sourcecode.swift; path = Dictionary.swift; sourceTree = "<group>"; };
		5E8696221F52E37E005CD648 /* Session.swift */ = {isa = PBXFileReference; lastKnownFileType = sourcecode.swift; path = Session.swift; sourceTree = "<group>"; };
		5E8696241F52E3B9005CD648 /* File.swift */ = {isa = PBXFileReference; lastKnownFileType = sourcecode.swift; path = File.swift; sourceTree = "<group>"; };
		5E8696261F52E427005CD648 /* String.swift */ = {isa = PBXFileReference; lastKnownFileType = sourcecode.swift; path = String.swift; sourceTree = "<group>"; };
		5E8696281F52E4E2005CD648 /* ServiceForRequest.swift */ = {isa = PBXFileReference; lastKnownFileType = sourcecode.swift; path = ServiceForRequest.swift; sourceTree = "<group>"; };
		5E86962A1F52E524005CD648 /* ServiceForData.swift */ = {isa = PBXFileReference; lastKnownFileType = sourcecode.swift; path = ServiceForData.swift; sourceTree = "<group>"; };
		5EC0CFE41F52BA8500E91F97 /* GoogleService-Info.plist */ = {isa = PBXFileReference; fileEncoding = 4; lastKnownFileType = text.plist.xml; path = "GoogleService-Info.plist"; sourceTree = "<group>"; };
		5EC0CFEA1F52BFB800E91F97 /* GoogleSignIn.framework */ = {isa = PBXFileReference; lastKnownFileType = wrapper.framework; name = GoogleSignIn.framework; path = GoogleSignIn/GoogleSignIn.framework; sourceTree = "<group>"; };
		5EC0CFF21F52C60300E91F97 /* GoogleAppUtilities.framework */ = {isa = PBXFileReference; lastKnownFileType = wrapper.framework; name = GoogleAppUtilities.framework; path = GoogleSignIn/GoogleAppUtilities.framework; sourceTree = "<group>"; };
		5EC0CFF31F52C60300E91F97 /* GoogleSignInDependencies.framework */ = {isa = PBXFileReference; lastKnownFileType = wrapper.framework; name = GoogleSignInDependencies.framework; path = GoogleSignIn/GoogleSignInDependencies.framework; sourceTree = "<group>"; };
		5EC0CFF41F52C60300E91F97 /* GoogleSymbolUtilities.framework */ = {isa = PBXFileReference; lastKnownFileType = wrapper.framework; name = GoogleSymbolUtilities.framework; path = GoogleSignIn/GoogleSymbolUtilities.framework; sourceTree = "<group>"; };
		5EC0CFFB1F52C82D00E91F97 /* SystemConfiguration.framework */ = {isa = PBXFileReference; lastKnownFileType = wrapper.framework; name = SystemConfiguration.framework; path = System/Library/Frameworks/SystemConfiguration.framework; sourceTree = SDKROOT; };
		5EC0CFFD1F52D3BB00E91F97 /* GoogleSignIn.bundle */ = {isa = PBXFileReference; lastKnownFileType = "wrapper.plug-in"; name = GoogleSignIn.bundle; path = GoogleSignIn/GoogleSignIn.bundle; sourceTree = "<group>"; };
		5EC0CFFF1F52D3DC00E91F97 /* GoogleSignIn.bundle */ = {isa = PBXFileReference; lastKnownFileType = "wrapper.plug-in"; name = GoogleSignIn.bundle; path = GoogleSignIn/GoogleSignIn.bundle; sourceTree = "<group>"; };
		5EC0D0011F52D3F500E91F97 /* SafariServices.framework */ = {isa = PBXFileReference; lastKnownFileType = wrapper.framework; name = SafariServices.framework; path = System/Library/Frameworks/SafariServices.framework; sourceTree = SDKROOT; };
		5EC4F4941F5320DD0085A608 /* BaseLoadViewProtocol.swift */ = {isa = PBXFileReference; lastKnownFileType = sourcecode.swift; path = BaseLoadViewProtocol.swift; sourceTree = "<group>"; };
		5EC4F4961F5321200085A608 /* LoadingView.swift */ = {isa = PBXFileReference; lastKnownFileType = sourcecode.swift; path = LoadingView.swift; sourceTree = "<group>"; };
		5EC4F4981F5321AF0085A608 /* BaseViewController.swift */ = {isa = PBXFileReference; lastKnownFileType = sourcecode.swift; path = BaseViewController.swift; sourceTree = "<group>"; };
		5EC4F49A1F5321F30085A608 /* RouteOperations.swift */ = {isa = PBXFileReference; lastKnownFileType = sourcecode.swift; path = RouteOperations.swift; sourceTree = "<group>"; };
		5EC4F49C1F53248B0085A608 /* Location.swift */ = {isa = PBXFileReference; lastKnownFileType = sourcecode.swift; path = Location.swift; sourceTree = "<group>"; };
		5EC4F49E1F5324C80085A608 /* Department.swift */ = {isa = PBXFileReference; lastKnownFileType = sourcecode.swift; path = Department.swift; sourceTree = "<group>"; };
		5EC4F4A01F5324F50085A608 /* GroupLevelPreview.swift */ = {isa = PBXFileReference; lastKnownFileType = sourcecode.swift; path = GroupLevelPreview.swift; sourceTree = "<group>"; };
		5EC4F4A21F5326B30085A608 /* Router.swift */ = {isa = PBXFileReference; lastKnownFileType = sourcecode.swift; path = Router.swift; sourceTree = "<group>"; };
		5EC4F4A41F532BC10085A608 /* RouteOperationBack.swift */ = {isa = PBXFileReference; lastKnownFileType = sourcecode.swift; path = RouteOperationBack.swift; sourceTree = "<group>"; };
		7577E2571F47780100F8257B /* Alamofire.framework */ = {isa = PBXFileReference; lastKnownFileType = wrapper.framework; name = Alamofire.framework; path = Carthage/Build/iOS/Alamofire.framework; sourceTree = "<group>"; };
		7577E25C1F47877900F8257B /* ObjectMapper.framework */ = {isa = PBXFileReference; lastKnownFileType = wrapper.framework; name = ObjectMapper.framework; path = Carthage/Build/iOS/ObjectMapper.framework; sourceTree = "<group>"; };
		7577E2601F478D9400F8257B /* PromiseKit.framework */ = {isa = PBXFileReference; lastKnownFileType = wrapper.framework; name = PromiseKit.framework; path = Carthage/Build/iOS/PromiseKit.framework; sourceTree = "<group>"; };
		7577E2621F478D9800F8257B /* RealmSwift.framework */ = {isa = PBXFileReference; lastKnownFileType = wrapper.framework; name = RealmSwift.framework; path = Carthage/Build/iOS/RealmSwift.framework; sourceTree = "<group>"; };
		7577E2641F478D9900F8257B /* Realm.framework */ = {isa = PBXFileReference; lastKnownFileType = wrapper.framework; name = Realm.framework; path = Carthage/Build/iOS/Realm.framework; sourceTree = "<group>"; };
		75C438541F49E6D2003B0576 /* .tailor.yml */ = {isa = PBXFileReference; lastKnownFileType = text; path = .tailor.yml; sourceTree = "<group>"; };
		75C438571F49F67C003B0576 /* .swiftlint.yml */ = {isa = PBXFileReference; lastKnownFileType = text; path = .swiftlint.yml; sourceTree = "<group>"; };
		75F35B451F4739580049C455 /* proveng2.app */ = {isa = PBXFileReference; explicitFileType = wrapper.application; includeInIndex = 0; path = proveng2.app; sourceTree = BUILT_PRODUCTS_DIR; };
		75F35B591F4739580049C455 /* proveng2Tests.xctest */ = {isa = PBXFileReference; explicitFileType = wrapper.cfbundle; includeInIndex = 0; path = proveng2Tests.xctest; sourceTree = BUILT_PRODUCTS_DIR; };
		75F35B5D1F4739580049C455 /* proveng2Tests.swift */ = {isa = PBXFileReference; lastKnownFileType = sourcecode.swift; path = proveng2Tests.swift; sourceTree = "<group>"; };
		75F35B5F1F4739580049C455 /* Info.plist */ = {isa = PBXFileReference; lastKnownFileType = text.plist.xml; path = Info.plist; sourceTree = "<group>"; };
		75FAF4C51F4C5EC700657CB4 /* User.swift */ = {isa = PBXFileReference; lastKnownFileType = sourcecode.swift; path = User.swift; sourceTree = "<group>"; };
		75FAF4C71F4C721600657CB4 /* RealmMigration.swift */ = {isa = PBXFileReference; lastKnownFileType = sourcecode.swift; path = RealmMigration.swift; sourceTree = "<group>"; };
		75FAF4C91F4C8E5F00657CB4 /* ListTransform.swift */ = {isa = PBXFileReference; lastKnownFileType = sourcecode.swift; path = ListTransform.swift; sourceTree = "<group>"; };
		E994436B1F4E1C3600383E11 /* Base */ = {isa = PBXFileReference; lastKnownFileType = file.storyboard; name = Base; path = LaunchScreen.storyboard; sourceTree = "<group>"; };
		E994436D1F4E1C3600383E11 /* Base */ = {isa = PBXFileReference; lastKnownFileType = file.storyboard; name = Base; path = Main.storyboard; sourceTree = "<group>"; };
		E994436E1F4E1C3600383E11 /* ViewController.swift */ = {isa = PBXFileReference; fileEncoding = 4; lastKnownFileType = sourcecode.swift; path = ViewController.swift; sourceTree = "<group>"; };
		E994436F1F4E1C3600383E11 /* AppDelegate.swift */ = {isa = PBXFileReference; fileEncoding = 4; lastKnownFileType = sourcecode.swift; path = AppDelegate.swift; sourceTree = "<group>"; };
		E9A532A01F4C95AA00FC1746 /* LoginViewController.swift */ = {isa = PBXFileReference; lastKnownFileType = sourcecode.swift; path = LoginViewController.swift; sourceTree = "<group>"; };
		E9A532A21F4CA29100FC1746 /* Assets.xcassets */ = {isa = PBXFileReference; lastKnownFileType = folder.assetcatalog; path = Assets.xcassets; sourceTree = "<group>"; };
		E9B4E6061F4CAC8700415314 /* BaseButton.swift */ = {isa = PBXFileReference; lastKnownFileType = sourcecode.swift; path = BaseButton.swift; sourceTree = "<group>"; };
		E9B4E6091F4CAD1400415314 /* ColorsForElements.swift */ = {isa = PBXFileReference; lastKnownFileType = sourcecode.swift; path = ColorsForElements.swift; sourceTree = "<group>"; };
		E9B4E60B1F4CAD9E00415314 /* SessionData.swift */ = {isa = PBXFileReference; lastKnownFileType = sourcecode.swift; path = SessionData.swift; sourceTree = "<group>"; };
		E9B4E60E1F4CAE1800415314 /* UIColorExtensions.swift */ = {isa = PBXFileReference; lastKnownFileType = sourcecode.swift; path = UIColorExtensions.swift; sourceTree = "<group>"; };
/* End PBXFileReference section */

/* Begin PBXFrameworksBuildPhase section */
		75F35B421F4739580049C455 /* Frameworks */ = {
			isa = PBXFrameworksBuildPhase;
			buildActionMask = 2147483647;
			files = (
				5E84CCB91F530931004E0AE6 /* SystemConfiguration.framework in Frameworks */,
				5E84CCB81F530912004E0AE6 /* SafariServices.framework in Frameworks */,
				5E5CD3781F52FC0A00495214 /* Alamofire.framework in Frameworks */,
				5E5CD3581F52FBEF00495214 /* ObjectMapper.framework in Frameworks */,
				5E5CD3591F52FBEF00495214 /* PromiseKit.framework in Frameworks */,
				5E84CCB41F53090A004E0AE6 /* GoogleAppUtilities.framework in Frameworks */,
				5E84CCB51F53090A004E0AE6 /* GoogleSignIn.framework in Frameworks */,
				5E84CCB61F53090A004E0AE6 /* GoogleSignInDependencies.framework in Frameworks */,
				5E84CCB71F53090A004E0AE6 /* GoogleSymbolUtilities.framework in Frameworks */,
				5E5CD35A1F52FBEF00495214 /* Realm.framework in Frameworks */,
				5E5CD35B1F52FBEF00495214 /* RealmSwift.framework in Frameworks */,
			);
			runOnlyForDeploymentPostprocessing = 0;
		};
		75F35B561F4739580049C455 /* Frameworks */ = {
			isa = PBXFrameworksBuildPhase;
			buildActionMask = 2147483647;
			files = (
			);
			runOnlyForDeploymentPostprocessing = 0;
		};
/* End PBXFrameworksBuildPhase section */

/* Begin PBXGroup section */
		5E84CCBF1F5313B1004E0AE6 /* Router */ = {
			isa = PBXGroup;
			children = (
				5E84CCC01F5313BA004E0AE6 /* RouteOperationAlert.swift */,
				5EC4F49A1F5321F30085A608 /* RouteOperations.swift */,
				5EC4F4A21F5326B30085A608 /* Router.swift */,
				5EC4F4A41F532BC10085A608 /* RouteOperationBack.swift */,
			);
			path = Router;
			sourceTree = "<group>";
		};
		5E84CCC61F531702004E0AE6 /* Helpers */ = {
			isa = PBXGroup;
			children = (
				5E84CCC71F53170B004E0AE6 /* DateTransformMSec.swift */,
			);
			path = Helpers;
			sourceTree = "<group>";
		};
		5E8696121F52D95E005CD648 /* Services */ = {
			isa = PBXGroup;
			children = (
				5E8696151F52DD81005CD648 /* Api Layer */,
				5E8696131F52D975005CD648 /* ServiceAuth.swift */,
				5E8696281F52E4E2005CD648 /* ServiceForRequest.swift */,
				5E86962A1F52E524005CD648 /* ServiceForData.swift */,
			);
			path = Services;
			sourceTree = "<group>";
		};
		5E8696151F52DD81005CD648 /* Api Layer */ = {
			isa = PBXGroup;
			children = (
				5E8696161F52DDA0005CD648 /* ApiLayer.swift */,
				5E8696181F52DDC6005CD648 /* ApiError.swift */,
				5E86961C1F52DECA005CD648 /* ApiMethod.swift */,
			);
			path = "Api Layer";
			sourceTree = "<group>";
		};
		7577E2561F47780000F8257B /* Frameworks */ = {
			isa = PBXGroup;
			children = (
				5E5CD35C1F52FBF000495214 /* GoogleCarthageSignIn.framework */,
				5EC0D0011F52D3F500E91F97 /* SafariServices.framework */,
				5EC0CFFD1F52D3BB00E91F97 /* GoogleSignIn.bundle */,
				5EC0CFFB1F52C82D00E91F97 /* SystemConfiguration.framework */,
				5EC0CFF21F52C60300E91F97 /* GoogleAppUtilities.framework */,
				5EC0CFF31F52C60300E91F97 /* GoogleSignInDependencies.framework */,
				5EC0CFF41F52C60300E91F97 /* GoogleSymbolUtilities.framework */,
				5EC0CFEA1F52BFB800E91F97 /* GoogleSignIn.framework */,
				7577E2641F478D9900F8257B /* Realm.framework */,
				7577E2621F478D9800F8257B /* RealmSwift.framework */,
				7577E2601F478D9400F8257B /* PromiseKit.framework */,
				7577E25C1F47877900F8257B /* ObjectMapper.framework */,
				7577E2571F47780100F8257B /* Alamofire.framework */,
			);
			name = Frameworks;
			sourceTree = "<group>";
		};
		75C438591F49FEB2003B0576 /* Cells */ = {
			isa = PBXGroup;
			children = (
			);
			path = Cells;
			sourceTree = "<group>";
		};
		75C4385D1F49FEE1003B0576 /* Models */ = {
			isa = PBXGroup;
			children = (
				75FAF4C51F4C5EC700657CB4 /* User.swift */,
				5E8696221F52E37E005CD648 /* Session.swift */,
				5E8696241F52E3B9005CD648 /* File.swift */,
				5E84CCC41F5316AF004E0AE6 /* EventPreview.swift */,
				5EC4F49C1F53248B0085A608 /* Location.swift */,
				5EC4F49E1F5324C80085A608 /* Department.swift */,
				5EC4F4A01F5324F50085A608 /* GroupLevelPreview.swift */,
			);
			path = Models;
			sourceTree = "<group>";
		};
		75F35B3C1F4739580049C455 = {
			isa = PBXGroup;
			children = (
				5E8696111F52D6E7005CD648 /* proveng2-Bridging-Header.h */,
				5EC0CFFF1F52D3DC00E91F97 /* GoogleSignIn.bundle */,
				75C438541F49E6D2003B0576 /* .tailor.yml */,
				75C438571F49F67C003B0576 /* .swiftlint.yml */,
				75F35B471F4739580049C455 /* proveng2 */,
				75F35B5C1F4739580049C455 /* proveng2Tests */,
				75F35B461F4739580049C455 /* Products */,
				7577E2561F47780000F8257B /* Frameworks */,
			);
			sourceTree = "<group>";
		};
		75F35B461F4739580049C455 /* Products */ = {
			isa = PBXGroup;
			children = (
				75F35B451F4739580049C455 /* proveng2.app */,
				75F35B591F4739580049C455 /* proveng2Tests.xctest */,
			);
			name = Products;
			sourceTree = "<group>";
		};
		75F35B471F4739580049C455 /* proveng2 */ = {
			isa = PBXGroup;
			children = (
				5E84CCC61F531702004E0AE6 /* Helpers */,
				5E5CD37B1F52FE9800495214 /* proveng2.entitlements */,
				5E8696121F52D95E005CD648 /* Services */,
				E9B4E60D1F4CADFC00415314 /* Extentions */,
				E9B4E6081F4CACCB00415314 /* Utilities */,
				E9B4E6051F4CAC6900415314 /* Views */,
				E9A5329F1F4C959F00FC1746 /* Controllers */,
				75C4385D1F49FEE1003B0576 /* Models */,
				75C438591F49FEB2003B0576 /* Cells */,
				75FAF4C71F4C721600657CB4 /* RealmMigration.swift */,
				75FAF4C91F4C8E5F00657CB4 /* ListTransform.swift */,
			);
			path = proveng2;
			sourceTree = "<group>";
		};
		75F35B5C1F4739580049C455 /* proveng2Tests */ = {
			isa = PBXGroup;
			children = (
				75F35B5D1F4739580049C455 /* proveng2Tests.swift */,
				75F35B5F1F4739580049C455 /* Info.plist */,
			);
			path = proveng2Tests;
			sourceTree = "<group>";
		};
		E99443691F4E1C3600383E11 /* Base.lproj */ = {
			isa = PBXGroup;
			children = (
			);
			path = Base.lproj;
			sourceTree = "<group>";
		};
		E9A5329F1F4C959F00FC1746 /* Controllers */ = {
			isa = PBXGroup;
			children = (
				5E84CCBF1F5313B1004E0AE6 /* Router */,
				E994436E1F4E1C3600383E11 /* ViewController.swift */,
				E9A532A01F4C95AA00FC1746 /* LoginViewController.swift */,
				5EC4F4941F5320DD0085A608 /* BaseLoadViewProtocol.swift */,
				5EC4F4981F5321AF0085A608 /* BaseViewController.swift */,
			);
			path = Controllers;
			sourceTree = "<group>";
		};
		E9B4E6051F4CAC6900415314 /* Views */ = {
			isa = PBXGroup;
			children = (
				E9B4E6061F4CAC8700415314 /* BaseButton.swift */,
				5EC4F4961F5321200085A608 /* LoadingView.swift */,
			);
			path = Views;
			sourceTree = "<group>";
		};
		E9B4E6081F4CACCB00415314 /* Utilities */ = {
			isa = PBXGroup;
			children = (
				5E5CD3811F5301F500495214 /* Info.plist */,
				5EC0CFE41F52BA8500E91F97 /* GoogleService-Info.plist */,
				E994436A1F4E1C3600383E11 /* LaunchScreen.storyboard */,
				E994436C1F4E1C3600383E11 /* Main.storyboard */,
				E994436F1F4E1C3600383E11 /* AppDelegate.swift */,
				E99443691F4E1C3600383E11 /* Base.lproj */,
				E9A532A21F4CA29100FC1746 /* Assets.xcassets */,
				E9B4E6091F4CAD1400415314 /* ColorsForElements.swift */,
				E9B4E60B1F4CAD9E00415314 /* SessionData.swift */,
				5E86961A1F52DE14005CD648 /* Constants.swift */,
				5E86961E1F52E0AA005CD648 /* ContextType.swift */,
				5E84CCBD1F5312B7004E0AE6 /* Reachability.swift */,
				5E84CCC21F531688004E0AE6 /* EventTypes.swift */,
			);
			path = Utilities;
			sourceTree = "<group>";
		};
		E9B4E60D1F4CADFC00415314 /* Extentions */ = {
			isa = PBXGroup;
			children = (
				E9B4E60E1F4CAE1800415314 /* UIColorExtensions.swift */,
				5E8696201F52E300005CD648 /* Dictionary.swift */,
				5E8696261F52E427005CD648 /* String.swift */,
				5E84CCBB1F5311BF004E0AE6 /* UIViewController+chekInternetConnection.swift */,
				5E84CCC91F531774004E0AE6 /* Date.swift */,
				5E84CCCB1F531816004E0AE6 /* DateFormatter.swift */,
			);
			path = Extentions;
			sourceTree = "<group>";
		};
/* End PBXGroup section */

/* Begin PBXNativeTarget section */
		75F35B441F4739580049C455 /* proveng2 */ = {
			isa = PBXNativeTarget;
			buildConfigurationList = 75F35B621F4739580049C455 /* Build configuration list for PBXNativeTarget "proveng2" */;
			buildPhases = (
				75F35B411F4739580049C455 /* Sources */,
				75F35B421F4739580049C455 /* Frameworks */,
				75F35B431F4739580049C455 /* Resources */,
				75C438561F49F607003B0576 /* ShellScript */,
				5E5CD37A1F52FC0B00495214 /* Embed Frameworks */,
			);
			buildRules = (
			);
			dependencies = (
			);
			name = proveng2;
			productName = proveng2;
			productReference = 75F35B451F4739580049C455 /* proveng2.app */;
			productType = "com.apple.product-type.application";
		};
		75F35B581F4739580049C455 /* proveng2Tests */ = {
			isa = PBXNativeTarget;
			buildConfigurationList = 75F35B651F4739580049C455 /* Build configuration list for PBXNativeTarget "proveng2Tests" */;
			buildPhases = (
				75F35B551F4739580049C455 /* Sources */,
				75F35B561F4739580049C455 /* Frameworks */,
				75F35B571F4739580049C455 /* Resources */,
			);
			buildRules = (
			);
			dependencies = (
				75F35B5B1F4739580049C455 /* PBXTargetDependency */,
			);
			name = proveng2Tests;
			productName = proveng2Tests;
			productReference = 75F35B591F4739580049C455 /* proveng2Tests.xctest */;
			productType = "com.apple.product-type.bundle.unit-test";
		};
/* End PBXNativeTarget section */

/* Begin PBXProject section */
		75F35B3D1F4739580049C455 /* Project object */ = {
			isa = PBXProject;
			attributes = {
				LastSwiftUpdateCheck = 0900;
				LastUpgradeCheck = 0900;
				ORGANIZATIONNAME = Provectus;
				TargetAttributes = {
					75F35B441F4739580049C455 = {
						CreatedOnToolsVersion = 9.0;
						ProvisioningStyle = Manual;
						SystemCapabilities = {
							com.apple.Keychain = {
								enabled = 0;
							};
						};
					};
					75F35B581F4739580049C455 = {
						CreatedOnToolsVersion = 9.0;
						TestTargetID = 75F35B441F4739580049C455;
					};
				};
			};
			buildConfigurationList = 75F35B401F4739580049C455 /* Build configuration list for PBXProject "proveng2" */;
			compatibilityVersion = "Xcode 8.0";
			developmentRegion = en;
			hasScannedForEncodings = 0;
			knownRegions = (
				en,
				Base,
			);
			mainGroup = 75F35B3C1F4739580049C455;
			productRefGroup = 75F35B461F4739580049C455 /* Products */;
			projectDirPath = "";
			projectRoot = "";
			targets = (
				75F35B441F4739580049C455 /* proveng2 */,
				75F35B581F4739580049C455 /* proveng2Tests */,
			);
		};
/* End PBXProject section */

/* Begin PBXResourcesBuildPhase section */
		75F35B431F4739580049C455 /* Resources */ = {
			isa = PBXResourcesBuildPhase;
			buildActionMask = 2147483647;
			files = (
				5E84CCBA1F5309AE004E0AE6 /* GoogleService-Info.plist in Resources */,
				E99443711F4E1C3700383E11 /* Main.storyboard in Resources */,
				E90E47431F4CCB2B00DD5E15 /* Assets.xcassets in Resources */,
				5EC0D0001F52D3DC00E91F97 /* GoogleSignIn.bundle in Resources */,
				75C438581F49F67C003B0576 /* .swiftlint.yml in Resources */,
				75C438551F49E6D2003B0576 /* .tailor.yml in Resources */,
				E99443701F4E1C3700383E11 /* LaunchScreen.storyboard in Resources */,
			);
			runOnlyForDeploymentPostprocessing = 0;
		};
		75F35B571F4739580049C455 /* Resources */ = {
			isa = PBXResourcesBuildPhase;
			buildActionMask = 2147483647;
			files = (
				5E5CD37E1F5301C600495214 /* GoogleService-Info.plist in Resources */,
			);
			runOnlyForDeploymentPostprocessing = 0;
		};
/* End PBXResourcesBuildPhase section */

/* Begin PBXShellScriptBuildPhase section */
		75C438561F49F607003B0576 /* ShellScript */ = {
			isa = PBXShellScriptBuildPhase;
			buildActionMask = 2147483647;
			files = (
			);
			inputPaths = (
			);
			outputPaths = (
			);
			runOnlyForDeploymentPostprocessing = 0;
			shellPath = /bin/sh;
			shellScript = "if which swiftlint >/dev/null; then\nswiftlint\nelse\necho \"warning: SwiftLint not installed, download from https://github.com/realm/SwiftLint\"\nfi";
		};
/* End PBXShellScriptBuildPhase section */

/* Begin PBXSourcesBuildPhase section */
		75F35B411F4739580049C455 /* Sources */ = {
			isa = PBXSourcesBuildPhase;
			buildActionMask = 2147483647;
			files = (
				E9A532A11F4C95AA00FC1746 /* LoginViewController.swift in Sources */,
				E9B4E60F1F4CAE1800415314 /* UIColorExtensions.swift in Sources */,
				5EC4F4991F5321AF0085A608 /* BaseViewController.swift in Sources */,
				5E8696271F52E427005CD648 /* String.swift in Sources */,
				5E86961D1F52DECA005CD648 /* ApiMethod.swift in Sources */,
				5EC4F49B1F5321F30085A608 /* RouteOperations.swift in Sources */,
				5EC4F4A31F5326B30085A608 /* Router.swift in Sources */,
				5E86961F1F52E0AA005CD648 /* ContextType.swift in Sources */,
				5EC4F4971F5321200085A608 /* LoadingView.swift in Sources */,
				5EC4F4951F5320DD0085A608 /* BaseLoadViewProtocol.swift in Sources */,
				5E84CCCA1F531774004E0AE6 /* Date.swift in Sources */,
				E9B4E60A1F4CAD1400415314 /* ColorsForElements.swift in Sources */,
				5EC4F49F1F5324C80085A608 /* Department.swift in Sources */,
				5E8696141F52D975005CD648 /* ServiceAuth.swift in Sources */,
				5E84CCC51F5316AF004E0AE6 /* EventPreview.swift in Sources */,
				E99443721F4E1C3700383E11 /* ViewController.swift in Sources */,
				5EC4F4A51F532BC10085A608 /* RouteOperationBack.swift in Sources */,
				5EC4F4A11F5324F50085A608 /* GroupLevelPreview.swift in Sources */,
				E9B4E6071F4CAC8700415314 /* BaseButton.swift in Sources */,
				5E8696231F52E37E005CD648 /* Session.swift in Sources */,
				E9B4E60C1F4CAD9E00415314 /* SessionData.swift in Sources */,
				75FAF4C81F4C721600657CB4 /* RealmMigration.swift in Sources */,
				5E8696171F52DDA0005CD648 /* ApiLayer.swift in Sources */,
				75FAF4CA1F4C8E5F00657CB4 /* ListTransform.swift in Sources */,
				5E84CCBE1F5312B7004E0AE6 /* Reachability.swift in Sources */,
				5E84CCC11F5313BA004E0AE6 /* RouteOperationAlert.swift in Sources */,
				E99443731F4E1C3700383E11 /* AppDelegate.swift in Sources */,
				5E86961B1F52DE14005CD648 /* Constants.swift in Sources */,
				5E86962B1F52E524005CD648 /* ServiceForData.swift in Sources */,
				5E84CCC81F53170B004E0AE6 /* DateTransformMSec.swift in Sources */,
				5E8696211F52E300005CD648 /* Dictionary.swift in Sources */,
				5EC4F49D1F53248B0085A608 /* Location.swift in Sources */,
				5E84CCC31F531688004E0AE6 /* EventTypes.swift in Sources */,
				5E84CCCC1F531816004E0AE6 /* DateFormatter.swift in Sources */,
				5E8696191F52DDC6005CD648 /* ApiError.swift in Sources */,
				5E8696291F52E4E2005CD648 /* ServiceForRequest.swift in Sources */,
				5E8696251F52E3B9005CD648 /* File.swift in Sources */,
				75FAF4C61F4C5EC700657CB4 /* User.swift in Sources */,
				5E84CCBC1F5311BF004E0AE6 /* UIViewController+chekInternetConnection.swift in Sources */,
			);
			runOnlyForDeploymentPostprocessing = 0;
		};
		75F35B551F4739580049C455 /* Sources */ = {
			isa = PBXSourcesBuildPhase;
			buildActionMask = 2147483647;
			files = (
				75F35B5E1F4739580049C455 /* proveng2Tests.swift in Sources */,
			);
			runOnlyForDeploymentPostprocessing = 0;
		};
/* End PBXSourcesBuildPhase section */

/* Begin PBXTargetDependency section */
		75F35B5B1F4739580049C455 /* PBXTargetDependency */ = {
			isa = PBXTargetDependency;
			target = 75F35B441F4739580049C455 /* proveng2 */;
			targetProxy = 75F35B5A1F4739580049C455 /* PBXContainerItemProxy */;
		};
/* End PBXTargetDependency section */

/* Begin PBXVariantGroup section */
		E994436A1F4E1C3600383E11 /* LaunchScreen.storyboard */ = {
			isa = PBXVariantGroup;
			children = (
				E994436B1F4E1C3600383E11 /* Base */,
			);
			name = LaunchScreen.storyboard;
			sourceTree = "<group>";
		};
		E994436C1F4E1C3600383E11 /* Main.storyboard */ = {
			isa = PBXVariantGroup;
			children = (
				E994436D1F4E1C3600383E11 /* Base */,
			);
			name = Main.storyboard;
			sourceTree = "<group>";
		};
/* End PBXVariantGroup section */

/* Begin XCBuildConfiguration section */
		75F35B601F4739580049C455 /* Debug */ = {
			isa = XCBuildConfiguration;
			buildSettings = {
				ALWAYS_SEARCH_USER_PATHS = NO;
				CLANG_ANALYZER_NONNULL = YES;
				CLANG_ANALYZER_NUMBER_OBJECT_CONVERSION = YES_AGGRESSIVE;
				CLANG_CXX_LANGUAGE_STANDARD = "gnu++14";
				CLANG_CXX_LIBRARY = "libc++";
				CLANG_ENABLE_MODULES = YES;
				CLANG_ENABLE_OBJC_ARC = YES;
				CLANG_WARN_BLOCK_CAPTURE_AUTORELEASING = YES;
				CLANG_WARN_BOOL_CONVERSION = YES;
				CLANG_WARN_COMMA = YES;
				CLANG_WARN_CONSTANT_CONVERSION = YES;
				CLANG_WARN_DIRECT_OBJC_ISA_USAGE = YES_ERROR;
				CLANG_WARN_DOCUMENTATION_COMMENTS = YES;
				CLANG_WARN_EMPTY_BODY = YES;
				CLANG_WARN_ENUM_CONVERSION = YES;
				CLANG_WARN_INFINITE_RECURSION = YES;
				CLANG_WARN_INT_CONVERSION = YES;
				CLANG_WARN_NON_LITERAL_NULL_CONVERSION = YES;
				CLANG_WARN_OBJC_LITERAL_CONVERSION = YES;
				CLANG_WARN_OBJC_ROOT_CLASS = YES_ERROR;
				CLANG_WARN_RANGE_LOOP_ANALYSIS = YES;
				CLANG_WARN_STRICT_PROTOTYPES = YES;
				CLANG_WARN_SUSPICIOUS_MOVE = YES;
				CLANG_WARN_UNGUARDED_AVAILABILITY = YES_AGGRESSIVE;
				CLANG_WARN_UNREACHABLE_CODE = YES;
				CLANG_WARN__DUPLICATE_METHOD_MATCH = YES;
				CODE_SIGN_IDENTITY = "iPhone Developer";
				COPY_PHASE_STRIP = NO;
				DEBUG_INFORMATION_FORMAT = dwarf;
				ENABLE_STRICT_OBJC_MSGSEND = YES;
				ENABLE_TESTABILITY = YES;
				GCC_C_LANGUAGE_STANDARD = gnu11;
				GCC_DYNAMIC_NO_PIC = NO;
				GCC_NO_COMMON_BLOCKS = YES;
				GCC_OPTIMIZATION_LEVEL = 0;
				GCC_PREPROCESSOR_DEFINITIONS = (
					"DEBUG=1",
					"$(inherited)",
				);
				GCC_WARN_64_TO_32_BIT_CONVERSION = YES;
				GCC_WARN_ABOUT_RETURN_TYPE = YES_ERROR;
				GCC_WARN_UNDECLARED_SELECTOR = YES;
				GCC_WARN_UNINITIALIZED_AUTOS = YES_AGGRESSIVE;
				GCC_WARN_UNUSED_FUNCTION = YES;
				GCC_WARN_UNUSED_VARIABLE = YES;
				IPHONEOS_DEPLOYMENT_TARGET = 11.0;
				MTL_ENABLE_DEBUG_INFO = YES;
				ONLY_ACTIVE_ARCH = YES;
				SDKROOT = iphoneos;
				SWIFT_ACTIVE_COMPILATION_CONDITIONS = DEBUG;
				SWIFT_OPTIMIZATION_LEVEL = "-Onone";
				SWIFT_VERSION = 4.0;
			};
			name = Debug;
		};
		75F35B611F4739580049C455 /* Release */ = {
			isa = XCBuildConfiguration;
			buildSettings = {
				ALWAYS_SEARCH_USER_PATHS = NO;
				CLANG_ANALYZER_NONNULL = YES;
				CLANG_ANALYZER_NUMBER_OBJECT_CONVERSION = YES_AGGRESSIVE;
				CLANG_CXX_LANGUAGE_STANDARD = "gnu++14";
				CLANG_CXX_LIBRARY = "libc++";
				CLANG_ENABLE_MODULES = YES;
				CLANG_ENABLE_OBJC_ARC = YES;
				CLANG_WARN_BLOCK_CAPTURE_AUTORELEASING = YES;
				CLANG_WARN_BOOL_CONVERSION = YES;
				CLANG_WARN_COMMA = YES;
				CLANG_WARN_CONSTANT_CONVERSION = YES;
				CLANG_WARN_DIRECT_OBJC_ISA_USAGE = YES_ERROR;
				CLANG_WARN_DOCUMENTATION_COMMENTS = YES;
				CLANG_WARN_EMPTY_BODY = YES;
				CLANG_WARN_ENUM_CONVERSION = YES;
				CLANG_WARN_INFINITE_RECURSION = YES;
				CLANG_WARN_INT_CONVERSION = YES;
				CLANG_WARN_NON_LITERAL_NULL_CONVERSION = YES;
				CLANG_WARN_OBJC_LITERAL_CONVERSION = YES;
				CLANG_WARN_OBJC_ROOT_CLASS = YES_ERROR;
				CLANG_WARN_RANGE_LOOP_ANALYSIS = YES;
				CLANG_WARN_STRICT_PROTOTYPES = YES;
				CLANG_WARN_SUSPICIOUS_MOVE = YES;
				CLANG_WARN_UNGUARDED_AVAILABILITY = YES_AGGRESSIVE;
				CLANG_WARN_UNREACHABLE_CODE = YES;
				CLANG_WARN__DUPLICATE_METHOD_MATCH = YES;
				CODE_SIGN_IDENTITY = "iPhone Developer";
				COPY_PHASE_STRIP = NO;
				DEBUG_INFORMATION_FORMAT = "dwarf-with-dsym";
				ENABLE_NS_ASSERTIONS = NO;
				ENABLE_STRICT_OBJC_MSGSEND = YES;
				GCC_C_LANGUAGE_STANDARD = gnu11;
				GCC_NO_COMMON_BLOCKS = YES;
				GCC_WARN_64_TO_32_BIT_CONVERSION = YES;
				GCC_WARN_ABOUT_RETURN_TYPE = YES_ERROR;
				GCC_WARN_UNDECLARED_SELECTOR = YES;
				GCC_WARN_UNINITIALIZED_AUTOS = YES_AGGRESSIVE;
				GCC_WARN_UNUSED_FUNCTION = YES;
				GCC_WARN_UNUSED_VARIABLE = YES;
				IPHONEOS_DEPLOYMENT_TARGET = 11.0;
				MTL_ENABLE_DEBUG_INFO = NO;
				SDKROOT = iphoneos;
				SWIFT_OPTIMIZATION_LEVEL = "-Owholemodule";
				SWIFT_VERSION = 4.0;
				VALIDATE_PRODUCT = YES;
			};
			name = Release;
		};
		75F35B631F4739580049C455 /* Debug */ = {
			isa = XCBuildConfiguration;
			buildSettings = {
				ASSETCATALOG_COMPILER_APPICON_NAME = AppIcon;
				CODE_SIGN_IDENTITY = "iPhone Developer: nikitinskiypavel@gmail.com (52X8AF8DZX)";
				"CODE_SIGN_IDENTITY[sdk=iphoneos*]" = "iPhone Developer";
				CODE_SIGN_STYLE = Manual;
				DEVELOPMENT_TEAM = "";
				FRAMEWORK_SEARCH_PATHS = (
					"$(inherited)",
					"$(PROJECT_DIR)/Carthage/Build/iOS",
					"$(PROJECT_DIR)/GoogleSignIn",
				);
				INFOPLIST_FILE = proveng2/Utilities/Info.plist;
				LD_RUNPATH_SEARCH_PATHS = "$(inherited) @executable_path/Frameworks";
				OTHER_LDFLAGS = "-ObjC";
				Other_Linker_Flags = "$(OTHER_LDFLAGS) -ObjC";
				PRODUCT_BUNDLE_IDENTIFIER = proveng2;
				PRODUCT_NAME = "$(TARGET_NAME)";
				PROVISIONING_PROFILE_SPECIFIER = "";
				SWIFT_SWIFT3_OBJC_INFERENCE = Off;
				SWIFT_VERSION = 4.0;
				TARGETED_DEVICE_FAMILY = 1;
			};
			name = Debug;
		};
		75F35B641F4739580049C455 /* Release */ = {
			isa = XCBuildConfiguration;
			buildSettings = {
				ASSETCATALOG_COMPILER_APPICON_NAME = AppIcon;
				CODE_SIGN_IDENTITY = "iPhone Developer: nikitinskiypavel@gmail.com (52X8AF8DZX)";
				"CODE_SIGN_IDENTITY[sdk=iphoneos*]" = "iPhone Developer";
				CODE_SIGN_STYLE = Manual;
				DEVELOPMENT_TEAM = "";
				FRAMEWORK_SEARCH_PATHS = (
					"$(inherited)",
					"$(PROJECT_DIR)/Carthage/Build/iOS",
					"$(PROJECT_DIR)/GoogleSignIn",
				);
				INFOPLIST_FILE = proveng2/Utilities/Info.plist;
				LD_RUNPATH_SEARCH_PATHS = "$(inherited) @executable_path/Frameworks";
				OTHER_LDFLAGS = "-ObjC";
				Other_Linker_Flags = "$(OTHER_LDFLAGS) -ObjC";
				PRODUCT_BUNDLE_IDENTIFIER = proveng2;
				PRODUCT_NAME = "$(TARGET_NAME)";
				PROVISIONING_PROFILE_SPECIFIER = "";
				SWIFT_SWIFT3_OBJC_INFERENCE = Off;
				SWIFT_VERSION = 4.0;
				TARGETED_DEVICE_FAMILY = 1;
			};
			name = Release;
		};
		75F35B661F4739580049C455 /* Debug */ = {
			isa = XCBuildConfiguration;
			buildSettings = {
				ALWAYS_EMBED_SWIFT_STANDARD_LIBRARIES = YES;
				BUNDLE_LOADER = "$(TEST_HOST)";
				INFOPLIST_FILE = proveng2Tests/Info.plist;
				LD_RUNPATH_SEARCH_PATHS = "$(inherited) @executable_path/Frameworks @loader_path/Frameworks";
				PRODUCT_BUNDLE_IDENTIFIER = "-.proveng2Tests";
				PRODUCT_NAME = "$(TARGET_NAME)";
				SWIFT_VERSION = 4.0;
				TARGETED_DEVICE_FAMILY = "1,2";
				TEST_HOST = "$(BUILT_PRODUCTS_DIR)/proveng2.app/proveng2";
			};
			name = Debug;
		};
		75F35B671F4739580049C455 /* Release */ = {
			isa = XCBuildConfiguration;
			buildSettings = {
				ALWAYS_EMBED_SWIFT_STANDARD_LIBRARIES = YES;
				BUNDLE_LOADER = "$(TEST_HOST)";
				INFOPLIST_FILE = proveng2Tests/Info.plist;
				LD_RUNPATH_SEARCH_PATHS = "$(inherited) @executable_path/Frameworks @loader_path/Frameworks";
				PRODUCT_BUNDLE_IDENTIFIER = "-.proveng2Tests";
				PRODUCT_NAME = "$(TARGET_NAME)";
				SWIFT_VERSION = 4.0;
				TARGETED_DEVICE_FAMILY = "1,2";
				TEST_HOST = "$(BUILT_PRODUCTS_DIR)/proveng2.app/proveng2";
			};
			name = Release;
		};
/* End XCBuildConfiguration section */

/* Begin XCConfigurationList section */
		75F35B401F4739580049C455 /* Build configuration list for PBXProject "proveng2" */ = {
			isa = XCConfigurationList;
			buildConfigurations = (
				75F35B601F4739580049C455 /* Debug */,
				75F35B611F4739580049C455 /* Release */,
			);
			defaultConfigurationIsVisible = 0;
			defaultConfigurationName = Release;
		};
		75F35B621F4739580049C455 /* Build configuration list for PBXNativeTarget "proveng2" */ = {
			isa = XCConfigurationList;
			buildConfigurations = (
				75F35B631F4739580049C455 /* Debug */,
				75F35B641F4739580049C455 /* Release */,
			);
			defaultConfigurationIsVisible = 0;
			defaultConfigurationName = Release;
		};
		75F35B651F4739580049C455 /* Build configuration list for PBXNativeTarget "proveng2Tests" */ = {
			isa = XCConfigurationList;
			buildConfigurations = (
				75F35B661F4739580049C455 /* Debug */,
				75F35B671F4739580049C455 /* Release */,
			);
			defaultConfigurationIsVisible = 0;
			defaultConfigurationName = Release;
		};
/* End XCConfigurationList section */
	};
	rootObject = 75F35B3D1F4739580049C455 /* Project object */;
}
